
Microsoft Visual Studio Solution File, Format Version 12.00
# Visual Studio Version 17
VisualStudioVersion = 17.0.31612.314
MinimumVisualStudioVersion = 10.0.40219.1
Project("{9A19103F-16F7-4668-BE54-9A1E7A4F7556}") = "WebPerformanceMeter", "WebPerformanceMeter\WebPerformanceMeter.csproj", "{02D466D7-2175-49F4-9343-A3A3F27B9FBE}"
EndProject
Project("{9A19103F-16F7-4668-BE54-9A1E7A4F7556}") = "TestWebApiServer", "TestWebApiServer\TestWebApiServer.csproj", "{07EEE44A-EA30-43F6-B785-C27D3D005B80}"
EndProject
Project("{9A19103F-16F7-4668-BE54-9A1E7A4F7556}") = "PerformanceTests", "PerformanceTests\PerformanceTests.csproj", "{FB78B3A6-803E-4A99-A311-2CC77C083194}"
EndProject
Project("{2150E333-8FDC-42A3-9474-1A3956D46DE8}") = "WebAppSamples", "WebAppSamples", "{FE260715-F1E1-4BAB-9DA9-9DF385EB7E9D}"
EndProject
Project("{9A19103F-16F7-4668-BE54-9A1E7A4F7556}") = "RestWebApplication", "RestWebApplication\RestWebApplication.csproj", "{64AAF01C-C7FC-432D-81E4-B15F2C256B4C}"
EndProject
Project("{9A19103F-16F7-4668-BE54-9A1E7A4F7556}") = "GrpcWebApplication", "GrpcWebApplication\GrpcWebApplication.csproj", "{3E798A9A-B222-43F4-B453-C3ED4A30C33E}"
EndProject
Project("{9A19103F-16F7-4668-BE54-9A1E7A4F7556}") = "WebSocketWebApplication", "WebSocketWebApplication\WebSocketWebApplication.csproj", "{DF798525-DF96-4E78-8283-A219CC4D93A5}"
EndProject
Project("{9A19103F-16F7-4668-BE54-9A1E7A4F7556}") = "ActorsWebApplication", "ActorsWebApplication\ActorsWebApplication.csproj", "{73F1C9BB-0F95-4545-81E1-3DF356D62F75}"
EndProject
Project("{2150E333-8FDC-42A3-9474-1A3956D46DE8}") = "WebAppTests", "WebAppTests", "{6462D763-9E62-4409-A4F6-45A32E5CECAC}"
EndProject
Project("{2150E333-8FDC-42A3-9474-1A3956D46DE8}") = "RestWebAppTests", "RestWebAppTests", "{EED1249E-7FB0-4DBF-B3C6-9CF7FDB71C10}"
EndProject
Project("{2150E333-8FDC-42A3-9474-1A3956D46DE8}") = "GrpcWebAppTests", "GrpcWebAppTests", "{35A5B2A4-0CA8-454B-B319-70AE53F9BA7B}"
EndProject
Project("{2150E333-8FDC-42A3-9474-1A3956D46DE8}") = "ActorWebAppTests", "ActorWebAppTests", "{0AFAE757-EDCC-42ED-BB1E-ECD9FE9378F7}"
EndProject
Project("{2150E333-8FDC-42A3-9474-1A3956D46DE8}") = "WebSocketWebAppTests", "WebSocketWebAppTests", "{C8E46B5B-AEB0-4470-8278-3DD2C8B56386}"
EndProject
Project("{9A19103F-16F7-4668-BE54-9A1E7A4F7556}") = "RestWebApplication.IntegrationTest", "RestWebApplication.IntegrationTest\RestWebApplication.IntegrationTest.csproj", "{492CA73B-3097-4B0C-A0D4-65B038CA6FDC}"
EndProject
Project("{9A19103F-16F7-4668-BE54-9A1E7A4F7556}") = "RestWebApplication.WebPerformanceTest", "RestWebApplication.WebPerformanceTest\RestWebApplication.WebPerformanceTest.csproj", "{FEA77B96-8D41-4A30-8040-A50BA208FE7B}"
EndProject
Project("{9A19103F-16F7-4668-BE54-9A1E7A4F7556}") = "GrpcWebApplication.IntegrationTest", "GrpcWebApplication.IntegrationTest\GrpcWebApplication.IntegrationTest.csproj", "{250C7178-677D-4DBB-AE6A-F028795FA749}"
EndProject
Project("{9A19103F-16F7-4668-BE54-9A1E7A4F7556}") = "WebSocketWebApplication.IntegrationTest", "WebSocketWebApplication.IntegrationTest\WebSocketWebApplication.IntegrationTest.csproj", "{C72AEB1E-24F7-4593-977D-2FDD469132B8}"
EndProject
Project("{9A19103F-16F7-4668-BE54-9A1E7A4F7556}") = "WebSocketWebApplication.PerformanceTest", "WebSocketWebApplication.PerformanceTest\WebSocketWebApplication.PerformanceTest.csproj", "{832D9E71-550A-4BB5-B5F7-5413E64831E2}"
EndProject
Project("{FAE04EC0-301F-11D3-BF4B-00C04F79EFBC}") = "WebPerformanceMeterLogServer", "WebPerformanceMeterLogServer\WebPerformanceMeterLogServer.csproj", "{26C2FDF4-3193-40CB-BF20-0B9DF1AB916B}"
EndProject
Global
	GlobalSection(SolutionConfigurationPlatforms) = preSolution
		Debug|Any CPU = Debug|Any CPU
		Release|Any CPU = Release|Any CPU
	EndGlobalSection
	GlobalSection(ProjectConfigurationPlatforms) = postSolution
		{02D466D7-2175-49F4-9343-A3A3F27B9FBE}.Debug|Any CPU.ActiveCfg = Debug|Any CPU
		{02D466D7-2175-49F4-9343-A3A3F27B9FBE}.Debug|Any CPU.Build.0 = Debug|Any CPU
		{02D466D7-2175-49F4-9343-A3A3F27B9FBE}.Release|Any CPU.ActiveCfg = Release|Any CPU
		{02D466D7-2175-49F4-9343-A3A3F27B9FBE}.Release|Any CPU.Build.0 = Release|Any CPU
		{07EEE44A-EA30-43F6-B785-C27D3D005B80}.Debug|Any CPU.ActiveCfg = Debug|Any CPU
		{07EEE44A-EA30-43F6-B785-C27D3D005B80}.Debug|Any CPU.Build.0 = Debug|Any CPU
		{07EEE44A-EA30-43F6-B785-C27D3D005B80}.Release|Any CPU.ActiveCfg = Release|Any CPU
		{07EEE44A-EA30-43F6-B785-C27D3D005B80}.Release|Any CPU.Build.0 = Release|Any CPU
		{FB78B3A6-803E-4A99-A311-2CC77C083194}.Debug|Any CPU.ActiveCfg = Debug|Any CPU
		{FB78B3A6-803E-4A99-A311-2CC77C083194}.Debug|Any CPU.Build.0 = Debug|Any CPU
		{FB78B3A6-803E-4A99-A311-2CC77C083194}.Release|Any CPU.ActiveCfg = Release|Any CPU
		{FB78B3A6-803E-4A99-A311-2CC77C083194}.Release|Any CPU.Build.0 = Release|Any CPU
		{64AAF01C-C7FC-432D-81E4-B15F2C256B4C}.Debug|Any CPU.ActiveCfg = Debug|Any CPU
		{64AAF01C-C7FC-432D-81E4-B15F2C256B4C}.Debug|Any CPU.Build.0 = Debug|Any CPU
		{64AAF01C-C7FC-432D-81E4-B15F2C256B4C}.Release|Any CPU.ActiveCfg = Release|Any CPU
		{64AAF01C-C7FC-432D-81E4-B15F2C256B4C}.Release|Any CPU.Build.0 = Release|Any CPU
		{3E798A9A-B222-43F4-B453-C3ED4A30C33E}.Debug|Any CPU.ActiveCfg = Debug|Any CPU
		{3E798A9A-B222-43F4-B453-C3ED4A30C33E}.Debug|Any CPU.Build.0 = Debug|Any CPU
		{3E798A9A-B222-43F4-B453-C3ED4A30C33E}.Release|Any CPU.ActiveCfg = Release|Any CPU
		{3E798A9A-B222-43F4-B453-C3ED4A30C33E}.Release|Any CPU.Build.0 = Release|Any CPU
		{DF798525-DF96-4E78-8283-A219CC4D93A5}.Debug|Any CPU.ActiveCfg = Debug|Any CPU
		{DF798525-DF96-4E78-8283-A219CC4D93A5}.Debug|Any CPU.Build.0 = Debug|Any CPU
		{DF798525-DF96-4E78-8283-A219CC4D93A5}.Release|Any CPU.ActiveCfg = Release|Any CPU
		{DF798525-DF96-4E78-8283-A219CC4D93A5}.Release|Any CPU.Build.0 = Release|Any CPU
		{73F1C9BB-0F95-4545-81E1-3DF356D62F75}.Debug|Any CPU.ActiveCfg = Debug|Any CPU
		{73F1C9BB-0F95-4545-81E1-3DF356D62F75}.Debug|Any CPU.Build.0 = Debug|Any CPU
		{73F1C9BB-0F95-4545-81E1-3DF356D62F75}.Release|Any CPU.ActiveCfg = Release|Any CPU
		{73F1C9BB-0F95-4545-81E1-3DF356D62F75}.Release|Any CPU.Build.0 = Release|Any CPU
		{492CA73B-3097-4B0C-A0D4-65B038CA6FDC}.Debug|Any CPU.ActiveCfg = Debug|Any CPU
		{492CA73B-3097-4B0C-A0D4-65B038CA6FDC}.Debug|Any CPU.Build.0 = Debug|Any CPU
		{492CA73B-3097-4B0C-A0D4-65B038CA6FDC}.Release|Any CPU.ActiveCfg = Release|Any CPU
		{492CA73B-3097-4B0C-A0D4-65B038CA6FDC}.Release|Any CPU.Build.0 = Release|Any CPU
		{FEA77B96-8D41-4A30-8040-A50BA208FE7B}.Debug|Any CPU.ActiveCfg = Debug|Any CPU
		{FEA77B96-8D41-4A30-8040-A50BA208FE7B}.Debug|Any CPU.Build.0 = Debug|Any CPU
		{FEA77B96-8D41-4A30-8040-A50BA208FE7B}.Release|Any CPU.ActiveCfg = Release|Any CPU
		{FEA77B96-8D41-4A30-8040-A50BA208FE7B}.Release|Any CPU.Build.0 = Release|Any CPU
		{250C7178-677D-4DBB-AE6A-F028795FA749}.Debug|Any CPU.ActiveCfg = Debug|Any CPU
		{250C7178-677D-4DBB-AE6A-F028795FA749}.Debug|Any CPU.Build.0 = Debug|Any CPU
		{250C7178-677D-4DBB-AE6A-F028795FA749}.Release|Any CPU.ActiveCfg = Release|Any CPU
		{250C7178-677D-4DBB-AE6A-F028795FA749}.Release|Any CPU.Build.0 = Release|Any CPU
		{C72AEB1E-24F7-4593-977D-2FDD469132B8}.Debug|Any CPU.ActiveCfg = Debug|Any CPU
		{C72AEB1E-24F7-4593-977D-2FDD469132B8}.Debug|Any CPU.Build.0 = Debug|Any CPU
		{C72AEB1E-24F7-4593-977D-2FDD469132B8}.Release|Any CPU.ActiveCfg = Release|Any CPU
		{C72AEB1E-24F7-4593-977D-2FDD469132B8}.Release|Any CPU.Build.0 = Release|Any CPU
		{832D9E71-550A-4BB5-B5F7-5413E64831E2}.Debug|Any CPU.ActiveCfg = Debug|Any CPU
		{832D9E71-550A-4BB5-B5F7-5413E64831E2}.Debug|Any CPU.Build.0 = Debug|Any CPU
		{832D9E71-550A-4BB5-B5F7-5413E64831E2}.Release|Any CPU.ActiveCfg = Release|Any CPU
		{832D9E71-550A-4BB5-B5F7-5413E64831E2}.Release|Any CPU.Build.0 = Release|Any CPU
		{26C2FDF4-3193-40CB-BF20-0B9DF1AB916B}.Debug|Any CPU.ActiveCfg = Debug|Any CPU
		{26C2FDF4-3193-40CB-BF20-0B9DF1AB916B}.Debug|Any CPU.Build.0 = Debug|Any CPU
		{26C2FDF4-3193-40CB-BF20-0B9DF1AB916B}.Release|Any CPU.ActiveCfg = Release|Any CPU
		{26C2FDF4-3193-40CB-BF20-0B9DF1AB916B}.Release|Any CPU.Build.0 = Release|Any CPU
	EndGlobalSection
	GlobalSection(SolutionProperties) = preSolution
		HideSolutionNode = FALSE
	EndGlobalSection
	GlobalSection(NestedProjects) = preSolution
		{64AAF01C-C7FC-432D-81E4-B15F2C256B4C} = {FE260715-F1E1-4BAB-9DA9-9DF385EB7E9D}
		{3E798A9A-B222-43F4-B453-C3ED4A30C33E} = {FE260715-F1E1-4BAB-9DA9-9DF385EB7E9D}
		{DF798525-DF96-4E78-8283-A219CC4D93A5} = {FE260715-F1E1-4BAB-9DA9-9DF385EB7E9D}
		{73F1C9BB-0F95-4545-81E1-3DF356D62F75} = {FE260715-F1E1-4BAB-9DA9-9DF385EB7E9D}
		{EED1249E-7FB0-4DBF-B3C6-9CF7FDB71C10} = {6462D763-9E62-4409-A4F6-45A32E5CECAC}
		{35A5B2A4-0CA8-454B-B319-70AE53F9BA7B} = {6462D763-9E62-4409-A4F6-45A32E5CECAC}
		{0AFAE757-EDCC-42ED-BB1E-ECD9FE9378F7} = {6462D763-9E62-4409-A4F6-45A32E5CECAC}
		{C8E46B5B-AEB0-4470-8278-3DD2C8B56386} = {6462D763-9E62-4409-A4F6-45A32E5CECAC}
		{492CA73B-3097-4B0C-A0D4-65B038CA6FDC} = {EED1249E-7FB0-4DBF-B3C6-9CF7FDB71C10}
		{FEA77B96-8D41-4A30-8040-A50BA208FE7B} = {EED1249E-7FB0-4DBF-B3C6-9CF7FDB71C10}
		{250C7178-677D-4DBB-AE6A-F028795FA749} = {35A5B2A4-0CA8-454B-B319-70AE53F9BA7B}
		{C72AEB1E-24F7-4593-977D-2FDD469132B8} = {C8E46B5B-AEB0-4470-8278-3DD2C8B56386}
		{832D9E71-550A-4BB5-B5F7-5413E64831E2} = {C8E46B5B-AEB0-4470-8278-3DD2C8B56386}
	EndGlobalSection
	GlobalSection(ExtensibilityGlobals) = postSolution
		SolutionGuid = {A4E79BCD-B7BE-4429-B6A7-3E4D90282668}
	EndGlobalSection
EndGlobal
