
Microsoft Visual Studio Solution File, Format Version 12.00
# Visual Studio Version 16
VisualStudioVersion = 16.0.31129.286
MinimumVisualStudioVersion = 10.0.40219.1
Project("{9A19103F-16F7-4668-BE54-9A1E7A4F7556}") = "WebPerformanceMeter", "WebPerformanceMeter\WebPerformanceMeter.csproj", "{02D466D7-2175-49F4-9343-A3A3F27B9FBE}"
EndProject
Project("{9A19103F-16F7-4668-BE54-9A1E7A4F7556}") = "TestWebApiServer", "TestWebApiServer\TestWebApiServer.csproj", "{07EEE44A-EA30-43F6-B785-C27D3D005B80}"
EndProject
Project("{9A19103F-16F7-4668-BE54-9A1E7A4F7556}") = "PerformanceTests", "PerformanceTests\PerformanceTests.csproj", "{FB78B3A6-803E-4A99-A311-2CC77C083194}"
EndProject
Project("{2150E333-8FDC-42A3-9474-1A3956D46DE8}") = "WebAppSamples", "WebAppSamples", "{FE260715-F1E1-4BAB-9DA9-9DF385EB7E9D}"
EndProject
Project("{FAE04EC0-301F-11D3-BF4B-00C04F79EFBC}") = "RestWebApplication", "RestWebApplication\RestWebApplication.csproj", "{64AAF01C-C7FC-432D-81E4-B15F2C256B4C}"
EndProject
Project("{FAE04EC0-301F-11D3-BF4B-00C04F79EFBC}") = "GrpcWebApplication", "GrpcWebApplication\GrpcWebApplication.csproj", "{3E798A9A-B222-43F4-B453-C3ED4A30C33E}"
EndProject
Project("{FAE04EC0-301F-11D3-BF4B-00C04F79EFBC}") = "WebSocketWebApplication", "WebSocketWebApplication\WebSocketWebApplication.csproj", "{DF798525-DF96-4E78-8283-A219CC4D93A5}"
EndProject
Global
	GlobalSection(SolutionConfigurationPlatforms) = preSolution
		Debug|Any CPU = Debug|Any CPU
		Release|Any CPU = Release|Any CPU
	EndGlobalSection
	GlobalSection(ProjectConfigurationPlatforms) = postSolution
		{02D466D7-2175-49F4-9343-A3A3F27B9FBE}.Debug|Any CPU.ActiveCfg = Debug|Any CPU
		{02D466D7-2175-49F4-9343-A3A3F27B9FBE}.Debug|Any CPU.Build.0 = Debug|Any CPU
		{02D466D7-2175-49F4-9343-A3A3F27B9FBE}.Release|Any CPU.ActiveCfg = Release|Any CPU
		{02D466D7-2175-49F4-9343-A3A3F27B9FBE}.Release|Any CPU.Build.0 = Release|Any CPU
		{07EEE44A-EA30-43F6-B785-C27D3D005B80}.Debug|Any CPU.ActiveCfg = Debug|Any CPU
		{07EEE44A-EA30-43F6-B785-C27D3D005B80}.Debug|Any CPU.Build.0 = Debug|Any CPU
		{07EEE44A-EA30-43F6-B785-C27D3D005B80}.Release|Any CPU.ActiveCfg = Release|Any CPU
		{07EEE44A-EA30-43F6-B785-C27D3D005B80}.Release|Any CPU.Build.0 = Release|Any CPU
		{FB78B3A6-803E-4A99-A311-2CC77C083194}.Debug|Any CPU.ActiveCfg = Debug|Any CPU
		{FB78B3A6-803E-4A99-A311-2CC77C083194}.Debug|Any CPU.Build.0 = Debug|Any CPU
		{FB78B3A6-803E-4A99-A311-2CC77C083194}.Release|Any CPU.ActiveCfg = Release|Any CPU
		{FB78B3A6-803E-4A99-A311-2CC77C083194}.Release|Any CPU.Build.0 = Release|Any CPU
		{64AAF01C-C7FC-432D-81E4-B15F2C256B4C}.Debug|Any CPU.ActiveCfg = Debug|Any CPU
		{64AAF01C-C7FC-432D-81E4-B15F2C256B4C}.Debug|Any CPU.Build.0 = Debug|Any CPU
		{64AAF01C-C7FC-432D-81E4-B15F2C256B4C}.Release|Any CPU.ActiveCfg = Release|Any CPU
		{64AAF01C-C7FC-432D-81E4-B15F2C256B4C}.Release|Any CPU.Build.0 = Release|Any CPU
		{3E798A9A-B222-43F4-B453-C3ED4A30C33E}.Debug|Any CPU.ActiveCfg = Debug|Any CPU
		{3E798A9A-B222-43F4-B453-C3ED4A30C33E}.Debug|Any CPU.Build.0 = Debug|Any CPU
		{3E798A9A-B222-43F4-B453-C3ED4A30C33E}.Release|Any CPU.ActiveCfg = Release|Any CPU
		{3E798A9A-B222-43F4-B453-C3ED4A30C33E}.Release|Any CPU.Build.0 = Release|Any CPU
		{DF798525-DF96-4E78-8283-A219CC4D93A5}.Debug|Any CPU.ActiveCfg = Debug|Any CPU
		{DF798525-DF96-4E78-8283-A219CC4D93A5}.Debug|Any CPU.Build.0 = Debug|Any CPU
		{DF798525-DF96-4E78-8283-A219CC4D93A5}.Release|Any CPU.ActiveCfg = Release|Any CPU
		{DF798525-DF96-4E78-8283-A219CC4D93A5}.Release|Any CPU.Build.0 = Release|Any CPU
	EndGlobalSection
	GlobalSection(SolutionProperties) = preSolution
		HideSolutionNode = FALSE
	EndGlobalSection
	GlobalSection(NestedProjects) = preSolution
		{64AAF01C-C7FC-432D-81E4-B15F2C256B4C} = {FE260715-F1E1-4BAB-9DA9-9DF385EB7E9D}
		{3E798A9A-B222-43F4-B453-C3ED4A30C33E} = {FE260715-F1E1-4BAB-9DA9-9DF385EB7E9D}
		{DF798525-DF96-4E78-8283-A219CC4D93A5} = {FE260715-F1E1-4BAB-9DA9-9DF385EB7E9D}
	EndGlobalSection
	GlobalSection(ExtensibilityGlobals) = postSolution
		SolutionGuid = {A4E79BCD-B7BE-4429-B6A7-3E4D90282668}
	EndGlobalSection
EndGlobal
