
Microsoft Visual Studio Solution File, Format Version 12.00
# Visual Studio Version 16
VisualStudioVersion = 16.0.31129.286
MinimumVisualStudioVersion = 10.0.40219.1
Project("{FAE04EC0-301F-11D3-BF4B-00C04F79EFBC}") = "WebPerformanceMeter", "WebPerformanceMeter\WebPerformanceMeter.csproj", "{02D466D7-2175-49F4-9343-A3A3F27B9FBE}"
EndProject
Project("{FAE04EC0-301F-11D3-BF4B-00C04F79EFBC}") = "TestWebApiServer", "TestWebApiServer\TestWebApiServer.csproj", "{07EEE44A-EA30-43F6-B785-C27D3D005B80}"
EndProject
Project("{FAE04EC0-301F-11D3-BF4B-00C04F79EFBC}") = "Tests", "Tests\Tests.csproj", "{FB78B3A6-803E-4A99-A311-2CC77C083194}"
EndProject
Global
	GlobalSection(SolutionConfigurationPlatforms) = preSolution
		Debug|Any CPU = Debug|Any CPU
		Release|Any CPU = Release|Any CPU
	EndGlobalSection
	GlobalSection(ProjectConfigurationPlatforms) = postSolution
		{02D466D7-2175-49F4-9343-A3A3F27B9FBE}.Debug|Any CPU.ActiveCfg = Debug|Any CPU
		{02D466D7-2175-49F4-9343-A3A3F27B9FBE}.Debug|Any CPU.Build.0 = Debug|Any CPU
		{02D466D7-2175-49F4-9343-A3A3F27B9FBE}.Release|Any CPU.ActiveCfg = Release|Any CPU
		{02D466D7-2175-49F4-9343-A3A3F27B9FBE}.Release|Any CPU.Build.0 = Release|Any CPU
		{07EEE44A-EA30-43F6-B785-C27D3D005B80}.Debug|Any CPU.ActiveCfg = Debug|Any CPU
		{07EEE44A-EA30-43F6-B785-C27D3D005B80}.Debug|Any CPU.Build.0 = Debug|Any CPU
		{07EEE44A-EA30-43F6-B785-C27D3D005B80}.Release|Any CPU.ActiveCfg = Release|Any CPU
		{07EEE44A-EA30-43F6-B785-C27D3D005B80}.Release|Any CPU.Build.0 = Release|Any CPU
		{FB78B3A6-803E-4A99-A311-2CC77C083194}.Debug|Any CPU.ActiveCfg = Debug|Any CPU
		{FB78B3A6-803E-4A99-A311-2CC77C083194}.Debug|Any CPU.Build.0 = Debug|Any CPU
		{FB78B3A6-803E-4A99-A311-2CC77C083194}.Release|Any CPU.ActiveCfg = Release|Any CPU
		{FB78B3A6-803E-4A99-A311-2CC77C083194}.Release|Any CPU.Build.0 = Release|Any CPU
	EndGlobalSection
	GlobalSection(SolutionProperties) = preSolution
		HideSolutionNode = FALSE
	EndGlobalSection
	GlobalSection(ExtensibilityGlobals) = postSolution
		SolutionGuid = {A4E79BCD-B7BE-4429-B6A7-3E4D90282668}
	EndGlobalSection
EndGlobal
